
Microsoft Visual Studio Solution File, Format Version 12.00
# Visual Studio Version 16
VisualStudioVersion = 16.0.30011.22
MinimumVisualStudioVersion = 10.0.40219.1
Project("{FAE04EC0-301F-11D3-BF4B-00C04F79EFBC}") = "Test", "Test\Test.csproj", "{A8B66F09-CDC5-4939-8A7D-672A8A3B1479}"
EndProject
Global
	GlobalSection(SolutionConfigurationPlatforms) = preSolution
		Debug|Any CPU = Debug|Any CPU
		Release|Any CPU = Release|Any CPU
	EndGlobalSection
	GlobalSection(ProjectConfigurationPlatforms) = postSolution
		{A8B66F09-CDC5-4939-8A7D-672A8A3B1479}.Debug|Any CPU.ActiveCfg = Debug|Any CPU
		{A8B66F09-CDC5-4939-8A7D-672A8A3B1479}.Debug|Any CPU.Build.0 = Debug|Any CPU
		{A8B66F09-CDC5-4939-8A7D-672A8A3B1479}.Release|Any CPU.ActiveCfg = Release|Any CPU
		{A8B66F09-CDC5-4939-8A7D-672A8A3B1479}.Release|Any CPU.Build.0 = Release|Any CPU
	EndGlobalSection
	GlobalSection(SolutionProperties) = preSolution
		HideSolutionNode = FALSE
	EndGlobalSection
	GlobalSection(ExtensibilityGlobals) = postSolution
		SolutionGuid = {1A22B5C8-E2BB-4919-94F5-19E5CF3B2AA3}
	EndGlobalSection
EndGlobal
